{
  "requires": true,
  "lockfileVersion": 1,
  "dependencies": {
    "angular-highcharts": {
      "version": "5.2.13",
      "resolved": "https://registry.npmjs.org/angular-highcharts/-/angular-highcharts-5.2.13.tgz",
      "integrity": "sha512-BBwX2/ghOYjhuiBcIwDQ+dFFxQgcbAZbqcf5iWIeGfqYiOYkDDs75iCcr9fcXvM1B6atN1oGlVWNqx2EhaBY6A=="
    }
  }
}
