
Microsoft Visual Studio Solution File, Format Version 12.00
# Visual Studio 15
VisualStudioVersion = 15.0.28307.168
MinimumVisualStudioVersion = 10.0.40219.1
Project("{FAE04EC0-301F-11D3-BF4B-00C04F79EFBC}") = "SystemDoboruKlient", "SystemDoboruKlient\SystemDoboruKlient.csproj", "{28E8E6FB-CD68-43FD-97B2-1CE6B0F22847}"
EndProject
Global
	GlobalSection(SolutionConfigurationPlatforms) = preSolution
		Debug|Any CPU = Debug|Any CPU
		Release|Any CPU = Release|Any CPU
	EndGlobalSection
	GlobalSection(ProjectConfigurationPlatforms) = postSolution
		{28E8E6FB-CD68-43FD-97B2-1CE6B0F22847}.Debug|Any CPU.ActiveCfg = Debug|Any CPU
		{28E8E6FB-CD68-43FD-97B2-1CE6B0F22847}.Debug|Any CPU.Build.0 = Debug|Any CPU
		{28E8E6FB-CD68-43FD-97B2-1CE6B0F22847}.Release|Any CPU.ActiveCfg = Release|Any CPU
		{28E8E6FB-CD68-43FD-97B2-1CE6B0F22847}.Release|Any CPU.Build.0 = Release|Any CPU
	EndGlobalSection
	GlobalSection(SolutionProperties) = preSolution
		HideSolutionNode = FALSE
	EndGlobalSection
	GlobalSection(ExtensibilityGlobals) = postSolution
		SolutionGuid = {97B0BC52-4B5C-4EC0-8EF2-B92B032CE514}
	EndGlobalSection
EndGlobal
